hash: adad31e1848eb327e997aaaf1249bf506d1d263b72e68d809498c38906c89470
updated: 2017-06-19T15:47:24.239331036+02:00
imports:
- name: github.com/docopt/docopt-go
  version: 784ddc588536785e7299f7272f39101f7faccc3f
- name: github.com/josa42/go-gitutils
  version: 58ef480c7753db315d2228d1150a314a470935f5
- name: github.com/josa42/go-stringutils
  version: e129a8b9917f96ed0f632e9c523c068e9d78c486
testImports: []
