hash: 7cedebb0019a75c11fe56193ff5499e2bc557fffa1ad68ae6c2c41c373d54e63
updated: 2017-06-19T21:52:13.075816417+02:00
imports:
- name: github.com/AlecAivazis/survey
  version: 1554c7b37f4828681d92364198947c1fec1604b2
  subpackages:
  - core
  - terminal
- name: github.com/docopt/docopt-go
  version: 784ddc588536785e7299f7272f39101f7faccc3f
- name: github.com/golang/protobuf
  version: e325f446bebc2998605911c0a2650d9920361d4a
  subpackages:
  - proto
- name: github.com/google/go-github
  version: 7a51fb928f52a196d5f31daefb8a489453ef54ff
  subpackages:
  - github
- name: github.com/google/go-querystring
  version: 53e6ce116135b80d037921a7fdd5138cf32d7a8a
  subpackages:
  - query
- name: github.com/josa42/go-gitutils
  version: 58ef480c7753db315d2228d1150a314a470935f5
- name: github.com/josa42/go-stringutils
  version: e129a8b9917f96ed0f632e9c523c068e9d78c486
- name: github.com/justincampbell/timeago
  version: 027f40306f1dbe89d24087611680ef95543bf876
- name: github.com/lunixbochs/go-keychain
  version: fb14aa72bcbbb633ddb678077b38e500508b2cf6
- name: github.com/mattn/go-colorable
  version: 941b50ebc6efddf4c41c8e4537a5f68a4e686b24
- name: github.com/mattn/go-isatty
  version: fc9e8d8ef48496124e79ae0df75490096eccf6fe
- name: github.com/mgutz/ansi
  version: 9520e82c474b0a04dd04f8a40959027271bab992
- name: golang.org/x/net
  version: 973f3f3bbd50e92b13faa6c53ec16f49b45e851c
  subpackages:
  - context
- name: golang.org/x/oauth2
  version: f047394b6d14284165300fd82dad67edb3a4d7f6
  subpackages:
  - internal
- name: golang.org/x/sys
  version: fb4cac33e3196ff7f507ab9b2d2a44b0142f5b5a
  subpackages:
  - unix
- name: google.golang.org/appengine
  version: a2f4131514e563cedfdb6e7d267df9ad48591e93
  subpackages:
  - internal
  - internal/app_identity
  - internal/base
  - internal/datastore
  - internal/log
  - internal/modules
  - internal/remote_api
  - internal/urlfetch
  - urlfetch
testImports: []
